[[package]]
category = "main"
description = "An open-source, interactive data visualization library for Python"
name = "plotly"
optional = false
python-versions = "*"
version = "4.10.0"

[package.dependencies]
retrying = ">=1.3.3"
six = "*"

[[package]]
category = "main"
description = "Retrying"
name = "retrying"
optional = false
python-versions = "*"
version = "1.3.3"

[package.dependencies]
six = ">=1.7.0"

[[package]]
category = "main"
description = "Python 2 and 3 compatibility utilities"
name = "six"
optional = false
python-versions = ">=2.7, !=3.0.*, !=3.1.*, !=3.2.*"
version = "1.15.0"

[metadata]
content-hash = "7041fccd149ebac700b3cfd6d8300fc4a1da66f282e603dd39d80a58337c032e"
lock-version = "1.0"
python-versions = "^3.8"

[metadata.files]
plotly = [
    {file = "plotly-4.10.0-py2.py3-none-any.whl", hash = "sha256:752f0803588b8d895d604c58fa55119ad104f3fbdd5eb5f7d11a3079680c31c0"},
    {file = "plotly-4.10.0.tar.gz", hash = "sha256:aa1602346ffa17895687fc48ae58611f014ed7a5da4b07e79c2ca99d6d4dca31"},
]
retrying = [
    {file = "retrying-1.3.3.tar.gz", hash = "sha256:08c039560a6da2fe4f2c426d0766e284d3b736e355f8dd24b37367b0bb41973b"},
]
six = [
    {file = "six-1.15.0-py2.py3-none-any.whl", hash = "sha256:8b74bedcbbbaca38ff6d7491d76f2b06b3592611af620f8426e82dddb04a5ced"},
    {file = "six-1.15.0.tar.gz", hash = "sha256:30639c035cdb23534cd4aa2dd52c3bf48f06e5f4a941509c8bafd8ce11080259"},
]
